# This file is automatically @generated by Cargo.
# It is not intended for manual editing.
version = 3

[[package]]
name = "hello"
version = "0.1.0"
dependencies = [
 "pool",
]

[[package]]
name = "pool"
version = "0.1.4"
source = "registry+https://github.com/rust-lang/crates.io-index"
checksum = "c7ac1531a0016945992b4e816e81538dfad0b9f00d280bcb707d711839f1536d"
